
Microsoft Visual Studio Solution File, Format Version 12.00
# Visual Studio Version 17
VisualStudioVersion = 17.8.34511.84
MinimumVisualStudioVersion = 10.0.40219.1
Project("{9A19103F-16F7-4668-BE54-9A1E7A4F7556}") = "HairsparyTacoWarrior.console", "HairsparyTacoWarrior.console\HairsparyTacoWarrior.console.csproj", "{A49D9EFC-A5CD-4190-8D9E-1AD99410FC3B}"
EndProject
Project("{9A19103F-16F7-4668-BE54-9A1E7A4F7556}") = "HairsparyTacoWarrior.data", "HairsparyTacoWarrior.data\HairsparyTacoWarrior.data.csproj", "{FEAE7A53-726B-4210-A032-440E9D32E5B7}"
EndProject
Project("{FAE04EC0-301F-11D3-BF4B-00C04F79EFBC}") = "HairsprayTacoWarrior.logic", "HairsprayTacoWarrior.logic\HairsprayTacoWarrior.logic.csproj", "{B0078A16-3B1F-459D-8F49-A80213BE7A8F}"
EndProject
Global
	GlobalSection(SolutionConfigurationPlatforms) = preSolution
		Debug|Any CPU = Debug|Any CPU
		Release|Any CPU = Release|Any CPU
	EndGlobalSection
	GlobalSection(ProjectConfigurationPlatforms) = postSolution
		{A49D9EFC-A5CD-4190-8D9E-1AD99410FC3B}.Debug|Any CPU.ActiveCfg = Debug|Any CPU
		{A49D9EFC-A5CD-4190-8D9E-1AD99410FC3B}.Debug|Any CPU.Build.0 = Debug|Any CPU
		{A49D9EFC-A5CD-4190-8D9E-1AD99410FC3B}.Release|Any CPU.ActiveCfg = Release|Any CPU
		{A49D9EFC-A5CD-4190-8D9E-1AD99410FC3B}.Release|Any CPU.Build.0 = Release|Any CPU
		{FEAE7A53-726B-4210-A032-440E9D32E5B7}.Debug|Any CPU.ActiveCfg = Debug|Any CPU
		{FEAE7A53-726B-4210-A032-440E9D32E5B7}.Debug|Any CPU.Build.0 = Debug|Any CPU
		{FEAE7A53-726B-4210-A032-440E9D32E5B7}.Release|Any CPU.ActiveCfg = Release|Any CPU
		{FEAE7A53-726B-4210-A032-440E9D32E5B7}.Release|Any CPU.Build.0 = Release|Any CPU
		{B0078A16-3B1F-459D-8F49-A80213BE7A8F}.Debug|Any CPU.ActiveCfg = Debug|Any CPU
		{B0078A16-3B1F-459D-8F49-A80213BE7A8F}.Debug|Any CPU.Build.0 = Debug|Any CPU
		{B0078A16-3B1F-459D-8F49-A80213BE7A8F}.Release|Any CPU.ActiveCfg = Release|Any CPU
		{B0078A16-3B1F-459D-8F49-A80213BE7A8F}.Release|Any CPU.Build.0 = Release|Any CPU
	EndGlobalSection
	GlobalSection(SolutionProperties) = preSolution
		HideSolutionNode = FALSE
	EndGlobalSection
	GlobalSection(ExtensibilityGlobals) = postSolution
		SolutionGuid = {CF65AC03-FA47-4773-9EEF-0043006BE05B}
	EndGlobalSection
EndGlobal
